// !$*UTF8*$!
{
	archiveVersion = 1;
	classes = {
	};
	objectVersion = 50;
	objects = {

/* Begin PBXBuildFile section */
		E92E839C21626759004B16B8 /* PlayingCardView.swift in Sources */ = {isa = PBXBuildFile; fileRef = E92E839B21626759004B16B8 /* PlayingCardView.swift */; };
		E933EE2C2152ADAE0058D576 /* AppDelegate.swift in Sources */ = {isa = PBXBuildFile; fileRef = E933EE2B2152ADAE0058D576 /* AppDelegate.swift */; };
		E933EE2E2152ADAE0058D576 /* ViewController.swift in Sources */ = {isa = PBXBuildFile; fileRef = E933EE2D2152ADAE0058D576 /* ViewController.swift */; };
		E933EE312152ADAE0058D576 /* Main.storyboard in Resources */ = {isa = PBXBuildFile; fileRef = E933EE2F2152ADAE0058D576 /* Main.storyboard */; };
		E933EE332152ADB00058D576 /* Assets.xcassets in Resources */ = {isa = PBXBuildFile; fileRef = E933EE322152ADB00058D576 /* Assets.xcassets */; };
		E933EE362152ADB00058D576 /* LaunchScreen.storyboard in Resources */ = {isa = PBXBuildFile; fileRef = E933EE342152ADB00058D576 /* LaunchScreen.storyboard */; };
		E933EE3F2152ADE50058D576 /* PlayingCard.swift in Sources */ = {isa = PBXBuildFile; fileRef = E933EE3E2152ADE50058D576 /* PlayingCard.swift */; };
		E9E5781921619A40003B2618 /* PlayingCardDeck.swift in Sources */ = {isa = PBXBuildFile; fileRef = E9E5781821619A40003B2618 /* PlayingCardDeck.swift */; };
/* End PBXBuildFile section */

/* Begin PBXFileReference section */
		E92E839B21626759004B16B8 /* PlayingCardView.swift */ = {isa = PBXFileReference; lastKnownFileType = sourcecode.swift; path = PlayingCardView.swift; sourceTree = "<group>"; };
		E933EE282152ADAE0058D576 /* PlayingCard.app */ = {isa = PBXFileReference; explicitFileType = wrapper.application; includeInIndex = 0; path = PlayingCard.app; sourceTree = BUILT_PRODUCTS_DIR; };
		E933EE2B2152ADAE0058D576 /* AppDelegate.swift */ = {isa = PBXFileReference; lastKnownFileType = sourcecode.swift; path = AppDelegate.swift; sourceTree = "<group>"; };
		E933EE2D2152ADAE0058D576 /* ViewController.swift */ = {isa = PBXFileReference; lastKnownFileType = sourcecode.swift; path = ViewController.swift; sourceTree = "<group>"; };
		E933EE302152ADAE0058D576 /* Base */ = {isa = PBXFileReference; lastKnownFileType = file.storyboard; name = Base; path = Base.lproj/Main.storyboard; sourceTree = "<group>"; };
		E933EE322152ADB00058D576 /* Assets.xcassets */ = {isa = PBXFileReference; lastKnownFileType = folder.assetcatalog; path = Assets.xcassets; sourceTree = "<group>"; };
		E933EE352152ADB00058D576 /* Base */ = {isa = PBXFileReference; lastKnownFileType = file.storyboard; name = Base; path = Base.lproj/LaunchScreen.storyboard; sourceTree = "<group>"; };
		E933EE372152ADB00058D576 /* Info.plist */ = {isa = PBXFileReference; lastKnownFileType = text.plist.xml; path = Info.plist; sourceTree = "<group>"; };
		E933EE3E2152ADE50058D576 /* PlayingCard.swift */ = {isa = PBXFileReference; lastKnownFileType = sourcecode.swift; path = PlayingCard.swift; sourceTree = "<group>"; };
		E9E5781821619A40003B2618 /* PlayingCardDeck.swift */ = {isa = PBXFileReference; lastKnownFileType = sourcecode.swift; path = PlayingCardDeck.swift; sourceTree = "<group>"; };
/* End PBXFileReference section */

/* Begin PBXFrameworksBuildPhase section */
		E933EE252152ADAE0058D576 /* Frameworks */ = {
			isa = PBXFrameworksBuildPhase;
			buildActionMask = 2147483647;
			files = (
			);
			runOnlyForDeploymentPostprocessing = 0;
		};
/* End PBXFrameworksBuildPhase section */

/* Begin PBXGroup section */
		E933EE1F2152ADAE0058D576 = {
			isa = PBXGroup;
			children = (
				E933EE2A2152ADAE0058D576 /* PlayingCard */,
				E933EE292152ADAE0058D576 /* Products */,
			);
			sourceTree = "<group>";
		};
		E933EE292152ADAE0058D576 /* Products */ = {
			isa = PBXGroup;
			children = (
				E933EE282152ADAE0058D576 /* PlayingCard.app */,
			);
			name = Products;
			sourceTree = "<group>";
		};
		E933EE2A2152ADAE0058D576 /* PlayingCard */ = {
			isa = PBXGroup;
			children = (
				E933EE2D2152ADAE0058D576 /* ViewController.swift */,
				E92E839B21626759004B16B8 /* PlayingCardView.swift */,
				E933EE2F2152ADAE0058D576 /* Main.storyboard */,
				E933EE3E2152ADE50058D576 /* PlayingCard.swift */,
				E9E5781821619A40003B2618 /* PlayingCardDeck.swift */,
				E933EE322152ADB00058D576 /* Assets.xcassets */,
				E933EE3D2152ADC40058D576 /* Supporting Files */,
				E933EE372152ADB00058D576 /* Info.plist */,
			);
			path = PlayingCard;
			sourceTree = "<group>";
		};
		E933EE3D2152ADC40058D576 /* Supporting Files */ = {
			isa = PBXGroup;
			children = (
				E933EE2B2152ADAE0058D576 /* AppDelegate.swift */,
				E933EE342152ADB00058D576 /* LaunchScreen.storyboard */,
			);
			path = "Supporting Files";
			sourceTree = "<group>";
		};
/* End PBXGroup section */

/* Begin PBXNativeTarget section */
		E933EE272152ADAE0058D576 /* PlayingCard */ = {
			isa = PBXNativeTarget;
			buildConfigurationList = E933EE3A2152ADB00058D576 /* Build configuration list for PBXNativeTarget "PlayingCard" */;
			buildPhases = (
				E933EE242152ADAE0058D576 /* Sources */,
				E933EE252152ADAE0058D576 /* Frameworks */,
				E933EE262152ADAE0058D576 /* Resources */,
			);
			buildRules = (
			);
			dependencies = (
			);
			name = PlayingCard;
			productName = PlayingCard;
			productReference = E933EE282152ADAE0058D576 /* PlayingCard.app */;
			productType = "com.apple.product-type.application";
		};
/* End PBXNativeTarget section */

/* Begin PBXProject section */
		E933EE202152ADAE0058D576 /* Project object */ = {
			isa = PBXProject;
			attributes = {
				LastSwiftUpdateCheck = 0940;
				LastUpgradeCheck = 0940;
				ORGANIZATIONNAME = Anti;
				TargetAttributes = {
					E933EE272152ADAE0058D576 = {
						CreatedOnToolsVersion = 9.4.1;
						LastSwiftMigration = 1000;
					};
				};
			};
			buildConfigurationList = E933EE232152ADAE0058D576 /* Build configuration list for PBXProject "PlayingCard" */;
			compatibilityVersion = "Xcode 9.3";
			developmentRegion = en;
			hasScannedForEncodings = 0;
			knownRegions = (
				en,
				Base,
			);
			mainGroup = E933EE1F2152ADAE0058D576;
			productRefGroup = E933EE292152ADAE0058D576 /* Products */;
			projectDirPath = "";
			projectRoot = "";
			targets = (
				E933EE272152ADAE0058D576 /* PlayingCard */,
			);
		};
/* End PBXProject section */

/* Begin PBXResourcesBuildPhase section */
		E933EE262152ADAE0058D576 /* Resources */ = {
			isa = PBXResourcesBuildPhase;
			buildActionMask = 2147483647;
			files = (
				E933EE362152ADB00058D576 /* LaunchScreen.storyboard in Resources */,
				E933EE332152ADB00058D576 /* Assets.xcassets in Resources */,
				E933EE312152ADAE0058D576 /* Main.storyboard in Resources */,
			);
			runOnlyForDeploymentPostprocessing = 0;
		};
/* End PBXResourcesBuildPhase section */

/* Begin PBXSourcesBuildPhase section */
		E933EE242152ADAE0058D576 /* Sources */ = {
			isa = PBXSourcesBuildPhase;
			buildActionMask = 2147483647;
			files = (
				E933EE2E2152ADAE0058D576 /* ViewController.swift in Sources */,
				E9E5781921619A40003B2618 /* PlayingCardDeck.swift in Sources */,
				E933EE3F2152ADE50058D576 /* PlayingCard.swift in Sources */,
				E92E839C21626759004B16B8 /* PlayingCardView.swift in Sources */,
				E933EE2C2152ADAE0058D576 /* AppDelegate.swift in Sources */,
			);
			runOnlyForDeploymentPostprocessing = 0;
		};
/* End PBXSourcesBuildPhase section */

/* Begin PBXVariantGroup section */
		E933EE2F2152ADAE0058D576 /* Main.storyboard */ = {
			isa = PBXVariantGroup;
			children = (
				E933EE302152ADAE0058D576 /* Base */,
			);
			name = Main.storyboard;
			sourceTree = "<group>";
		};
		E933EE342152ADB00058D576 /* LaunchScreen.storyboard */ = {
			isa = PBXVariantGroup;
			children = (
				E933EE352152ADB00058D576 /* Base */,
			);
			name = LaunchScreen.storyboard;
			sourceTree = "<group>";
		};
/* End PBXVariantGroup section */

/* Begin XCBuildConfiguration section */
		E933EE382152ADB00058D576 /* Debug */ = {
			isa = XCBuildConfiguration;
			buildSettings = {
				ALWAYS_SEARCH_USER_PATHS = NO;
				CLANG_ANALYZER_NONNULL = YES;
				CLANG_ANALYZER_NUMBER_OBJECT_CONVERSION = YES_AGGRESSIVE;
				CLANG_CXX_LANGUAGE_STANDARD = "gnu++14";
				CLANG_CXX_LIBRARY = "libc++";
				CLANG_ENABLE_MODULES = YES;
				CLANG_ENABLE_OBJC_ARC = YES;
				CLANG_ENABLE_OBJC_WEAK = YES;
				CLANG_WARN_BLOCK_CAPTURE_AUTORELEASING = YES;
				CLANG_WARN_BOOL_CONVERSION = YES;
				CLANG_WARN_COMMA = YES;
				CLANG_WARN_CONSTANT_CONVERSION = YES;
				CLANG_WARN_DEPRECATED_OBJC_IMPLEMENTATIONS = YES;
				CLANG_WARN_DIRECT_OBJC_ISA_USAGE = YES_ERROR;
				CLANG_WARN_DOCUMENTATION_COMMENTS = YES;
				CLANG_WARN_EMPTY_BODY = YES;
				CLANG_WARN_ENUM_CONVERSION = YES;
				CLANG_WARN_INFINITE_RECURSION = YES;
				CLANG_WARN_INT_CONVERSION = YES;
				CLANG_WARN_NON_LITERAL_NULL_CONVERSION = YES;
				CLANG_WARN_OBJC_IMPLICIT_RETAIN_SELF = YES;
				CLANG_WARN_OBJC_LITERAL_CONVERSION = YES;
				CLANG_WARN_OBJC_ROOT_CLASS = YES_ERROR;
				CLANG_WARN_RANGE_LOOP_ANALYSIS = YES;
				CLANG_WARN_STRICT_PROTOTYPES = YES;
				CLANG_WARN_SUSPICIOUS_MOVE = YES;
				CLANG_WARN_UNGUARDED_AVAILABILITY = YES_AGGRESSIVE;
				CLANG_WARN_UNREACHABLE_CODE = YES;
				CLANG_WARN__DUPLICATE_METHOD_MATCH = YES;
				CODE_SIGN_IDENTITY = "iPhone Developer";
				COPY_PHASE_STRIP = NO;
				DEBUG_INFORMATION_FORMAT = dwarf;
				ENABLE_STRICT_OBJC_MSGSEND = YES;
				ENABLE_TESTABILITY = YES;
				GCC_C_LANGUAGE_STANDARD = gnu11;
				GCC_DYNAMIC_NO_PIC = NO;
				GCC_NO_COMMON_BLOCKS = YES;
				GCC_OPTIMIZATION_LEVEL = 0;
				GCC_PREPROCESSOR_DEFINITIONS = (
					"DEBUG=1",
					"$(inherited)",
				);
				GCC_WARN_64_TO_32_BIT_CONVERSION = YES;
				GCC_WARN_ABOUT_RETURN_TYPE = YES_ERROR;
				GCC_WARN_UNDECLARED_SELECTOR = YES;
				GCC_WARN_UNINITIALIZED_AUTOS = YES_AGGRESSIVE;
				GCC_WARN_UNUSED_FUNCTION = YES;
				GCC_WARN_UNUSED_VARIABLE = YES;
				IPHONEOS_DEPLOYMENT_TARGET = 11.4;
				MTL_ENABLE_DEBUG_INFO = YES;
				ONLY_ACTIVE_ARCH = YES;
				SDKROOT = iphoneos;
				SWIFT_ACTIVE_COMPILATION_CONDITIONS = DEBUG;
				SWIFT_OPTIMIZATION_LEVEL = "-Onone";
			};
			name = Debug;
		};
		E933EE392152ADB00058D576 /* Release */ = {
			isa = XCBuildConfiguration;
			buildSettings = {
				ALWAYS_SEARCH_USER_PATHS = NO;
				CLANG_ANALYZER_NONNULL = YES;
				CLANG_ANALYZER_NUMBER_OBJECT_CONVERSION = YES_AGGRESSIVE;
				CLANG_CXX_LANGUAGE_STANDARD = "gnu++14";
				CLANG_CXX_LIBRARY = "libc++";
				CLANG_ENABLE_MODULES = YES;
				CLANG_ENABLE_OBJC_ARC = YES;
				CLANG_ENABLE_OBJC_WEAK = YES;
				CLANG_WARN_BLOCK_CAPTURE_AUTORELEASING = YES;
				CLANG_WARN_BOOL_CONVERSION = YES;
				CLANG_WARN_COMMA = YES;
				CLANG_WARN_CONSTANT_CONVERSION = YES;
				CLANG_WARN_DEPRECATED_OBJC_IMPLEMENTATIONS = YES;
				CLANG_WARN_DIRECT_OBJC_ISA_USAGE = YES_ERROR;
				CLANG_WARN_DOCUMENTATION_COMMENTS = YES;
				CLANG_WARN_EMPTY_BODY = YES;
				CLANG_WARN_ENUM_CONVERSION = YES;
				CLANG_WARN_INFINITE_RECURSION = YES;
				CLANG_WARN_INT_CONVERSION = YES;
				CLANG_WARN_NON_LITERAL_NULL_CONVERSION = YES;
				CLANG_WARN_OBJC_IMPLICIT_RETAIN_SELF = YES;
				CLANG_WARN_OBJC_LITERAL_CONVERSION = YES;
				CLANG_WARN_OBJC_ROOT_CLASS = YES_ERROR;
				CLANG_WARN_RANGE_LOOP_ANALYSIS = YES;
				CLANG_WARN_STRICT_PROTOTYPES = YES;
				CLANG_WARN_SUSPICIOUS_MOVE = YES;
				CLANG_WARN_UNGUARDED_AVAILABILITY = YES_AGGRESSIVE;
				CLANG_WARN_UNREACHABLE_CODE = YES;
				CLANG_WARN__DUPLICATE_METHOD_MATCH = YES;
				CODE_SIGN_IDENTITY = "iPhone Developer";
				COPY_PHASE_STRIP = NO;
				DEBUG_INFORMATION_FORMAT = "dwarf-with-dsym";
				ENABLE_NS_ASSERTIONS = NO;
				ENABLE_STRICT_OBJC_MSGSEND = YES;
				GCC_C_LANGUAGE_STANDARD = gnu11;
				GCC_NO_COMMON_BLOCKS = YES;
				GCC_WARN_64_TO_32_BIT_CONVERSION = YES;
				GCC_WARN_ABOUT_RETURN_TYPE = YES_ERROR;
				GCC_WARN_UNDECLARED_SELECTOR = YES;
				GCC_WARN_UNINITIALIZED_AUTOS = YES_AGGRESSIVE;
				GCC_WARN_UNUSED_FUNCTION = YES;
				GCC_WARN_UNUSED_VARIABLE = YES;
				IPHONEOS_DEPLOYMENT_TARGET = 11.4;
				MTL_ENABLE_DEBUG_INFO = NO;
				SDKROOT = iphoneos;
				SWIFT_COMPILATION_MODE = wholemodule;
				SWIFT_OPTIMIZATION_LEVEL = "-O";
				VALIDATE_PRODUCT = YES;
			};
			name = Release;
		};
		E933EE3B2152ADB00058D576 /* Debug */ = {
			isa = XCBuildConfiguration;
			buildSettings = {
				ASSETCATALOG_COMPILER_APPICON_NAME = AppIcon;
				CODE_SIGN_STYLE = Automatic;
				DEVELOPMENT_TEAM = 8A9DF264JZ;
				INFOPLIST_FILE = PlayingCard/Info.plist;
				IPHONEOS_DEPLOYMENT_TARGET = 12.0;
				LD_RUNPATH_SEARCH_PATHS = (
					"$(inherited)",
					"@executable_path/Frameworks",
				);
				PRODUCT_BUNDLE_IDENTIFIER = anti.cs193p.lecture.PlayingCard;
				PRODUCT_NAME = "$(TARGET_NAME)";
				SWIFT_VERSION = 4.2;
				TARGETED_DEVICE_FAMILY = "1,2";
			};
			name = Debug;
		};
		E933EE3C2152ADB00058D576 /* Release */ = {
			isa = XCBuildConfiguration;
			buildSettings = {
				ASSETCATALOG_COMPILER_APPICON_NAME = AppIcon;
				CODE_SIGN_STYLE = Automatic;
				DEVELOPMENT_TEAM = 8A9DF264JZ;
				INFOPLIST_FILE = PlayingCard/Info.plist;
				IPHONEOS_DEPLOYMENT_TARGET = 12.0;
				LD_RUNPATH_SEARCH_PATHS = (
					"$(inherited)",
					"@executable_path/Frameworks",
				);
				PRODUCT_BUNDLE_IDENTIFIER = anti.cs193p.lecture.PlayingCard;
				PRODUCT_NAME = "$(TARGET_NAME)";
				SWIFT_VERSION = 4.2;
				TARGETED_DEVICE_FAMILY = "1,2";
			};
			name = Release;
		};
/* End XCBuildConfiguration section */

/* Begin XCConfigurationList section */
		E933EE232152ADAE0058D576 /* Build configuration list for PBXProject "PlayingCard" */ = {
			isa = XCConfigurationList;
			buildConfigurations = (
				E933EE382152ADB00058D576 /* Debug */,
				E933EE392152ADB00058D576 /* Release */,
			);
			defaultConfigurationIsVisible = 0;
			defaultConfigurationName = Release;
		};
		E933EE3A2152ADB00058D576 /* Build configuration list for PBXNativeTarget "PlayingCard" */ = {
			isa = XCConfigurationList;
			buildConfigurations = (
				E933EE3B2152ADB00058D576 /* Debug */,
				E933EE3C2152ADB00058D576 /* Release */,
			);
			defaultConfigurationIsVisible = 0;
			defaultConfigurationName = Release;
		};
/* End XCConfigurationList section */
	};
	rootObject = E933EE202152ADAE0058D576 /* Project object */;
}
